
Microsoft Visual Studio Solution File, Format Version 12.00
# Visual Studio Version 17
Project("{FAE04EC0-301F-11D3-BF4B-00C04F79EFBC}") = "HealthExam.API", "HealthExam.API\HealthExam.API.csproj", "{A1000001-0000-0000-0000-000000000001}"
EndProject
Project("{FAE04EC0-301F-11D3-BF4B-00C04F79EFBC}") = "HealthExam.Tests", "HealthExam.Tests\HealthExam.Tests.csproj", "{A1000001-0000-0000-0000-000000000005}"
EndProject
Project("{FAE04EC0-301F-11D3-BF4B-00C04F79EFBC}") = "HealthExam.Domain", "HealthExam.Domain\HealthExam.Domain.csproj", "{7885190D-141B-4C96-AAEF-E6A815528742}"
EndProject
Project("{FAE04EC0-301F-11D3-BF4B-00C04F79EFBC}") = "HealthExam.Application", "HealthExam.Application\HealthExam.Application.csproj", "{CBCABF15-014C-4101-B3BF-6DF341A8F80E}"
EndProject
Project("{FAE04EC0-301F-11D3-BF4B-00C04F79EFBC}") = "HealthExam.Infrastructure", "HealthExam.Infrastructure\HealthExam.Infrastructure.csproj", "{25415444-CDC9-404A-9E4A-1F76C9ECF9CD}"
EndProject
Global
	GlobalSection(SolutionConfigurationPlatforms) = preSolution
		Debug|Any CPU = Debug|Any CPU
		Debug|x64 = Debug|x64
		Debug|x86 = Debug|x86
		Release|Any CPU = Release|Any CPU
		Release|x64 = Release|x64
		Release|x86 = Release|x86
	EndGlobalSection
	GlobalSection(ProjectConfigurationPlatforms) = postSolution
		{A1000001-0000-0000-0000-000000000001}.Debug|Any CPU.ActiveCfg = Debug|Any CPU
		{A1000001-0000-0000-0000-000000000001}.Debug|Any CPU.Build.0 = Debug|Any CPU
		{A1000001-0000-0000-0000-000000000001}.Debug|x64.ActiveCfg = Debug|Any CPU
		{A1000001-0000-0000-0000-000000000001}.Debug|x64.Build.0 = Debug|Any CPU
		{A1000001-0000-0000-0000-000000000001}.Debug|x86.ActiveCfg = Debug|Any CPU
		{A1000001-0000-0000-0000-000000000001}.Debug|x86.Build.0 = Debug|Any CPU
		{A1000001-0000-0000-0000-000000000001}.Release|Any CPU.ActiveCfg = Release|Any CPU
		{A1000001-0000-0000-0000-000000000001}.Release|Any CPU.Build.0 = Release|Any CPU
		{A1000001-0000-0000-0000-000000000001}.Release|x64.ActiveCfg = Release|Any CPU
		{A1000001-0000-0000-0000-000000000001}.Release|x64.Build.0 = Release|Any CPU
		{A1000001-0000-0000-0000-000000000001}.Release|x86.ActiveCfg = Release|Any CPU
		{A1000001-0000-0000-0000-000000000001}.Release|x86.Build.0 = Release|Any CPU
		{A1000001-0000-0000-0000-000000000005}.Debug|Any CPU.ActiveCfg = Debug|Any CPU
		{A1000001-0000-0000-0000-000000000005}.Debug|Any CPU.Build.0 = Debug|Any CPU
		{A1000001-0000-0000-0000-000000000005}.Debug|x64.ActiveCfg = Debug|Any CPU
		{A1000001-0000-0000-0000-000000000005}.Debug|x64.Build.0 = Debug|Any CPU
		{A1000001-0000-0000-0000-000000000005}.Debug|x86.ActiveCfg = Debug|Any CPU
		{A1000001-0000-0000-0000-000000000005}.Debug|x86.Build.0 = Debug|Any CPU
		{A1000001-0000-0000-0000-000000000005}.Release|Any CPU.ActiveCfg = Release|Any CPU
		{A1000001-0000-0000-0000-000000000005}.Release|Any CPU.Build.0 = Release|Any CPU
		{A1000001-0000-0000-0000-000000000005}.Release|x64.ActiveCfg = Release|Any CPU
		{A1000001-0000-0000-0000-000000000005}.Release|x64.Build.0 = Release|Any CPU
		{A1000001-0000-0000-0000-000000000005}.Release|x86.ActiveCfg = Release|Any CPU
		{A1000001-0000-0000-0000-000000000005}.Release|x86.Build.0 = Release|Any CPU
		{7885190D-141B-4C96-AAEF-E6A815528742}.Debug|Any CPU.ActiveCfg = Debug|Any CPU
		{7885190D-141B-4C96-AAEF-E6A815528742}.Debug|Any CPU.Build.0 = Debug|Any CPU
		{7885190D-141B-4C96-AAEF-E6A815528742}.Debug|x64.ActiveCfg = Debug|Any CPU
		{7885190D-141B-4C96-AAEF-E6A815528742}.Debug|x64.Build.0 = Debug|Any CPU
		{7885190D-141B-4C96-AAEF-E6A815528742}.Debug|x86.ActiveCfg = Debug|Any CPU
		{7885190D-141B-4C96-AAEF-E6A815528742}.Debug|x86.Build.0 = Debug|Any CPU
		{7885190D-141B-4C96-AAEF-E6A815528742}.Release|Any CPU.ActiveCfg = Release|Any CPU
		{7885190D-141B-4C96-AAEF-E6A815528742}.Release|Any CPU.Build.0 = Release|Any CPU
		{7885190D-141B-4C96-AAEF-E6A815528742}.Release|x64.ActiveCfg = Release|Any CPU
		{7885190D-141B-4C96-AAEF-E6A815528742}.Release|x64.Build.0 = Release|Any CPU
		{7885190D-141B-4C96-AAEF-E6A815528742}.Release|x86.ActiveCfg = Release|Any CPU
		{7885190D-141B-4C96-AAEF-E6A815528742}.Release|x86.Build.0 = Release|Any CPU
		{CBCABF15-014C-4101-B3BF-6DF341A8F80E}.Debug|Any CPU.ActiveCfg = Debug|Any CPU
		{CBCABF15-014C-4101-B3BF-6DF341A8F80E}.Debug|Any CPU.Build.0 = Debug|Any CPU
		{CBCABF15-014C-4101-B3BF-6DF341A8F80E}.Debug|x64.ActiveCfg = Debug|Any CPU
		{CBCABF15-014C-4101-B3BF-6DF341A8F80E}.Debug|x64.Build.0 = Debug|Any CPU
		{CBCABF15-014C-4101-B3BF-6DF341A8F80E}.Debug|x86.ActiveCfg = Debug|Any CPU
		{CBCABF15-014C-4101-B3BF-6DF341A8F80E}.Debug|x86.Build.0 = Debug|Any CPU
		{CBCABF15-014C-4101-B3BF-6DF341A8F80E}.Release|Any CPU.ActiveCfg = Release|Any CPU
		{CBCABF15-014C-4101-B3BF-6DF341A8F80E}.Release|Any CPU.Build.0 = Release|Any CPU
		{CBCABF15-014C-4101-B3BF-6DF341A8F80E}.Release|x64.ActiveCfg = Release|Any CPU
		{CBCABF15-014C-4101-B3BF-6DF341A8F80E}.Release|x64.Build.0 = Release|Any CPU
		{CBCABF15-014C-4101-B3BF-6DF341A8F80E}.Release|x86.ActiveCfg = Release|Any CPU
		{CBCABF15-014C-4101-B3BF-6DF341A8F80E}.Release|x86.Build.0 = Release|Any CPU
		{25415444-CDC9-404A-9E4A-1F76C9ECF9CD}.Debug|Any CPU.ActiveCfg = Debug|Any CPU
		{25415444-CDC9-404A-9E4A-1F76C9ECF9CD}.Debug|Any CPU.Build.0 = Debug|Any CPU
		{25415444-CDC9-404A-9E4A-1F76C9ECF9CD}.Debug|x64.ActiveCfg = Debug|Any CPU
		{25415444-CDC9-404A-9E4A-1F76C9ECF9CD}.Debug|x64.Build.0 = Debug|Any CPU
		{25415444-CDC9-404A-9E4A-1F76C9ECF9CD}.Debug|x86.ActiveCfg = Debug|Any CPU
		{25415444-CDC9-404A-9E4A-1F76C9ECF9CD}.Debug|x86.Build.0 = Debug|Any CPU
		{25415444-CDC9-404A-9E4A-1F76C9ECF9CD}.Release|Any CPU.ActiveCfg = Release|Any CPU
		{25415444-CDC9-404A-9E4A-1F76C9ECF9CD}.Release|Any CPU.Build.0 = Release|Any CPU
		{25415444-CDC9-404A-9E4A-1F76C9ECF9CD}.Release|x64.ActiveCfg = Release|Any CPU
		{25415444-CDC9-404A-9E4A-1F76C9ECF9CD}.Release|x64.Build.0 = Release|Any CPU
		{25415444-CDC9-404A-9E4A-1F76C9ECF9CD}.Release|x86.ActiveCfg = Release|Any CPU
		{25415444-CDC9-404A-9E4A-1F76C9ECF9CD}.Release|x86.Build.0 = Release|Any CPU
	EndGlobalSection
	GlobalSection(SolutionProperties) = preSolution
		HideSolutionNode = FALSE
	EndGlobalSection
EndGlobal
